<?xml version="1.0" encoding="utf-8"?>
<Project ToolsVersion="4.0" xmlns="http://schemas.microsoft.com/developer/msbuild/2003">
  <ItemGroup>
    <Filter Include="源文件">
      <UniqueIdentifier>{4FC737F1-C7A5-4376-A066-2A32D752A2FF}</UniqueIdentifier>
      <Extensions>cpp;c;cc;cxx;c++;cppm;ixx;def;odl;idl;hpj;bat;asm;asmx</Extensions>
    </Filter>
    <Filter Include="头文件">
      <UniqueIdentifier>{93995380-89BD-4b04-88EB-625FBE52EBFB}</UniqueIdentifier>
      <Extensions>h;hh;hpp;hxx;h++;hm;inl;inc;ipp;xsd</Extensions>
    </Filter>
    <Filter Include="资源文件">
      <UniqueIdentifier>{67DA6AB6-F800-4c08-8B7A-83BB121AAD01}</UniqueIdentifier>
      <Extensions>rc;ico;cur;bmp;dlg;rc2;rct;bin;rgs;gif;jpg;jpeg;jpe;resx;tiff;tif;png;wav;mfcribbon-ms</Extensions>
    </Filter>
    <Filter Include="资源文件\dotnet-inst">
      <UniqueIdentifier>{8d5cb02b-7cae-481e-9255-d83ee88eafec}</UniqueIdentifier>
    </Filter>
    <Filter Include="资源文件\icon-photo">
      <UniqueIdentifier>{2a1ee1df-6179-433d-b53a-495b672c1612}</UniqueIdentifier>
    </Filter>
    <Filter Include="资源文件\setup-script">
      <UniqueIdentifier>{965274d0-ea08-4d38-913d-9d44d3a33275}</UniqueIdentifier>
    </Filter>
  </ItemGroup>
  <ItemGroup>
    <ClCompile Include="src\source.cpp">
      <Filter>源文件</Filter>
    </ClCompile>
  </ItemGroup>
  <ItemGroup>
    <None Include="res\runtime-x64.exe">
      <Filter>资源文件\dotnet-inst</Filter>
    </None>
    <None Include="res\runtime-x86.exe">
      <Filter>资源文件\dotnet-inst</Filter>
    </None>
    <None Include="setup\include-netinstaller.iss">
      <Filter>资源文件\setup-script</Filter>
    </None>
    <None Include="setup\without-netinstaller.iss">
      <Filter>资源文件\setup-script</Filter>
    </None>
  </ItemGroup>
  <ItemGroup>
    <ClInclude Include="resource.h">
      <Filter>头文件</Filter>
    </ClInclude>
    <ClInclude Include="header\exe.hpp">
      <Filter>头文件</Filter>
    </ClInclude>
    <ClInclude Include="header\func_ez.hpp">
      <Filter>头文件</Filter>
    </ClInclude>
  </ItemGroup>
  <ItemGroup>
    <Image Include="res\icon.ico">
      <Filter>资源文件\icon-photo</Filter>
    </Image>
    <Image Include="res\icon_origin.png">
      <Filter>资源文件\icon-photo</Filter>
    </Image>
  </ItemGroup>
  <ItemGroup>
    <ResourceCompile Include="Resource.rc">
      <Filter>资源文件</Filter>
    </ResourceCompile>
  </ItemGroup>
  <ItemGroup>
    <Text Include="setup\before.txt">
      <Filter>资源文件\setup-script</Filter>
    </Text>
  </ItemGroup>
</Project>